
Microsoft Visual Studio Solution File, Format Version 12.00
# Visual Studio Version 17
VisualStudioVersion = 17.8.34309.116
MinimumVisualStudioVersion = 10.0.40219.1
Project("{9A19103F-16F7-4668-BE54-9A1E7A4F7556}") = "Client", "Client.csproj", "{3BFE1D7E-76A3-4004-A470-DB97AF0E8FA6}"
EndProject
Project("{9A19103F-16F7-4668-BE54-9A1E7A4F7556}") = "Server", "..\Server\Server.csproj", "{71DC5534-4004-456B-BEA4-6BE6DDD41C00}"
EndProject
Global
	GlobalSection(SolutionConfigurationPlatforms) = preSolution
		Debug|Any CPU = Debug|Any CPU
		Release|Any CPU = Release|Any CPU
	EndGlobalSection
	GlobalSection(ProjectConfigurationPlatforms) = postSolution
		{3BFE1D7E-76A3-4004-A470-DB97AF0E8FA6}.Debug|Any CPU.ActiveCfg = Debug|Any CPU
		{3BFE1D7E-76A3-4004-A470-DB97AF0E8FA6}.Debug|Any CPU.Build.0 = Debug|Any CPU
		{3BFE1D7E-76A3-4004-A470-DB97AF0E8FA6}.Release|Any CPU.ActiveCfg = Release|Any CPU
		{3BFE1D7E-76A3-4004-A470-DB97AF0E8FA6}.Release|Any CPU.Build.0 = Release|Any CPU
		{71DC5534-4004-456B-BEA4-6BE6DDD41C00}.Debug|Any CPU.ActiveCfg = Debug|Any CPU
		{71DC5534-4004-456B-BEA4-6BE6DDD41C00}.Debug|Any CPU.Build.0 = Debug|Any CPU
		{71DC5534-4004-456B-BEA4-6BE6DDD41C00}.Release|Any CPU.ActiveCfg = Release|Any CPU
		{71DC5534-4004-456B-BEA4-6BE6DDD41C00}.Release|Any CPU.Build.0 = Release|Any CPU
	EndGlobalSection
	GlobalSection(SolutionProperties) = preSolution
		HideSolutionNode = FALSE
	EndGlobalSection
	GlobalSection(ExtensibilityGlobals) = postSolution
		SolutionGuid = {DE36C4AA-19EA-4960-882C-53E9A278C4BB}
	EndGlobalSection
EndGlobal
